
Microsoft Visual Studio Solution File, Format Version 12.00
# Visual Studio 15
VisualStudioVersion = 15.0.28307.136
MinimumVisualStudioVersion = 10.0.40219.1
Project("{FAE04EC0-301F-11D3-BF4B-00C04F79EFBC}") = "Dlist", "Dlist\Dlist.csproj", "{0972EC38-2C49-4822-B0F4-FA1654207587}"
EndProject
Project("{FAE04EC0-301F-11D3-BF4B-00C04F79EFBC}") = "TestForm", "TestForm\TestForm.csproj", "{4BD33BD9-00CF-4B27-A1FB-2DC4A0E505AF}"
EndProject
Global
	GlobalSection(SolutionConfigurationPlatforms) = preSolution
		Debug|Any CPU = Debug|Any CPU
		Release|Any CPU = Release|Any CPU
	EndGlobalSection
	GlobalSection(ProjectConfigurationPlatforms) = postSolution
		{0972EC38-2C49-4822-B0F4-FA1654207587}.Debug|Any CPU.ActiveCfg = Debug|Any CPU
		{0972EC38-2C49-4822-B0F4-FA1654207587}.Debug|Any CPU.Build.0 = Debug|Any CPU
		{0972EC38-2C49-4822-B0F4-FA1654207587}.Release|Any CPU.ActiveCfg = Release|Any CPU
		{0972EC38-2C49-4822-B0F4-FA1654207587}.Release|Any CPU.Build.0 = Release|Any CPU
		{4BD33BD9-00CF-4B27-A1FB-2DC4A0E505AF}.Debug|Any CPU.ActiveCfg = Debug|Any CPU
		{4BD33BD9-00CF-4B27-A1FB-2DC4A0E505AF}.Debug|Any CPU.Build.0 = Debug|Any CPU
		{4BD33BD9-00CF-4B27-A1FB-2DC4A0E505AF}.Release|Any CPU.ActiveCfg = Release|Any CPU
		{4BD33BD9-00CF-4B27-A1FB-2DC4A0E505AF}.Release|Any CPU.Build.0 = Release|Any CPU
	EndGlobalSection
	GlobalSection(SolutionProperties) = preSolution
		HideSolutionNode = FALSE
	EndGlobalSection
	GlobalSection(ExtensibilityGlobals) = postSolution
		SolutionGuid = {1C76392E-01F0-4F34-9D96-56C8622BBAFF}
	EndGlobalSection
EndGlobal
